
Microsoft Visual Studio Solution File, Format Version 12.00
# Visual Studio Version 17
VisualStudioVersion = 17.0.31903.59
MinimumVisualStudioVersion = 10.0.40219.1
Project("{2150E333-8FDC-42A3-9474-1A3956D46DE8}") = "src", "src", "{8E949E85-6634-4D92-9DFC-509D2B6CD8B8}"
	ProjectSection(SolutionItems) = preProject
		.gitignore = .gitignore
	EndProjectSection
EndProject
Project("{FAE04EC0-301F-11D3-BF4B-00C04F79EFBC}") = "AuctionService", "src\AuctionService\AuctionService.csproj", "{EE12E0B3-097D-4C41-937A-3C8081D59E55}"
EndProject
Global
	GlobalSection(SolutionConfigurationPlatforms) = preSolution
		Debug|Any CPU = Debug|Any CPU
		Release|Any CPU = Release|Any CPU
	EndGlobalSection
	GlobalSection(ProjectConfigurationPlatforms) = postSolution
		{EE12E0B3-097D-4C41-937A-3C8081D59E55}.Debug|Any CPU.ActiveCfg = Debug|Any CPU
		{EE12E0B3-097D-4C41-937A-3C8081D59E55}.Debug|Any CPU.Build.0 = Debug|Any CPU
		{EE12E0B3-097D-4C41-937A-3C8081D59E55}.Release|Any CPU.ActiveCfg = Release|Any CPU
		{EE12E0B3-097D-4C41-937A-3C8081D59E55}.Release|Any CPU.Build.0 = Release|Any CPU
	EndGlobalSection
	GlobalSection(SolutionProperties) = preSolution
		HideSolutionNode = FALSE
	EndGlobalSection
	GlobalSection(NestedProjects) = preSolution
		{EE12E0B3-097D-4C41-937A-3C8081D59E55} = {8E949E85-6634-4D92-9DFC-509D2B6CD8B8}
	EndGlobalSection
EndGlobal
